// !$*UTF8*$!
{
	archiveVersion = 1;
	classes = {
	};
	objectVersion = 56;
	objects = {

/* Begin PBXBuildFile section */
		1858B96D2B51DD8300B9DE09 /* MainView.swift in Sources */ = {isa = PBXBuildFile; fileRef = 1858B96C2B51DD8300B9DE09 /* MainView.swift */; };
		1858B96F2B51DD8300B9DE09 /* DashboardView.swift in Sources */ = {isa = PBXBuildFile; fileRef = 1858B96E2B51DD8300B9DE09 /* DashboardView.swift */; };
		1858B9712B51DD8400B9DE09 /* Assets.xcassets in Resources */ = {isa = PBXBuildFile; fileRef = 1858B9702B51DD8400B9DE09 /* Assets.xcassets */; };
		1858B9752B51DD8400B9DE09 /* Preview Assets.xcassets in Resources */ = {isa = PBXBuildFile; fileRef = 1858B9742B51DD8400B9DE09 /* Preview Assets.xcassets */; };
		1858B9852B51E18500B9DE09 /* DashboardViewModel.swift in Sources */ = {isa = PBXBuildFile; fileRef = 1858B9842B51E18500B9DE09 /* DashboardViewModel.swift */; };
		1858B9922B51E4D600B9DE09 /* Config+URLs.swift in Sources */ = {isa = PBXBuildFile; fileRef = 1858B9912B51E4D600B9DE09 /* Config+URLs.swift */; };
		1858B9942B51E52400B9DE09 /* Config.swift in Sources */ = {isa = PBXBuildFile; fileRef = 1858B9932B51E52400B9DE09 /* Config.swift */; };
		1858B9982B51E89D00B9DE09 /* Categories.swift in Sources */ = {isa = PBXBuildFile; fileRef = 1858B9972B51E89D00B9DE09 /* Categories.swift */; };
		1858B9A32B51EC7300B9DE09 /* NetworkManager.swift in Sources */ = {isa = PBXBuildFile; fileRef = 1858B9A22B51EC7300B9DE09 /* NetworkManager.swift */; };
		1858B9A62B51F78600B9DE09 /* Theme+Dimensions.swift in Sources */ = {isa = PBXBuildFile; fileRef = 1858B9A52B51F78600B9DE09 /* Theme+Dimensions.swift */; };
		1858B9A82B51F7A100B9DE09 /* Theme+Colors.swift in Sources */ = {isa = PBXBuildFile; fileRef = 1858B9A72B51F7A100B9DE09 /* Theme+Colors.swift */; };
		1858B9AA2B51F7C100B9DE09 /* Theme+Fonts.swift in Sources */ = {isa = PBXBuildFile; fileRef = 1858B9A92B51F7C100B9DE09 /* Theme+Fonts.swift */; };
		1858B9AC2B51F7E900B9DE09 /* Theme+Constants.swift in Sources */ = {isa = PBXBuildFile; fileRef = 1858B9AB2B51F7E900B9DE09 /* Theme+Constants.swift */; };
		1858B9B02B51FC7F00B9DE09 /* CategoryCardView.swift in Sources */ = {isa = PBXBuildFile; fileRef = 1858B9AF2B51FC7E00B9DE09 /* CategoryCardView.swift */; };
		1858B9B22B51FF1C00B9DE09 /* CategoryStatusType.swift in Sources */ = {isa = PBXBuildFile; fileRef = 1858B9B12B51FF1C00B9DE09 /* CategoryStatusType.swift */; };
		1858B9B52B52CBD500B9DE09 /* HostingView.swift in Sources */ = {isa = PBXBuildFile; fileRef = 1858B9B42B52CBD500B9DE09 /* HostingView.swift */; };
		1858B9B92B52CC2E00B9DE09 /* RouterView.swift in Sources */ = {isa = PBXBuildFile; fileRef = 1858B9B82B52CC2E00B9DE09 /* RouterView.swift */; };
		1858B9BC2B52CC7B00B9DE09 /* Router.swift in Sources */ = {isa = PBXBuildFile; fileRef = 1858B9BB2B52CC7B00B9DE09 /* Router.swift */; };
		1858B9C02B52CCCF00B9DE09 /* AppRoute.swift in Sources */ = {isa = PBXBuildFile; fileRef = 1858B9BF2B52CCCF00B9DE09 /* AppRoute.swift */; };
		1858B9C42B52CDBD00B9DE09 /* CategoryDetailsView.swift in Sources */ = {isa = PBXBuildFile; fileRef = 1858B9C32B52CDBD00B9DE09 /* CategoryDetailsView.swift */; };
		1858B9C72B52D1E700B9DE09 /* NavigationView.swift in Sources */ = {isa = PBXBuildFile; fileRef = 1858B9C62B52D1E700B9DE09 /* NavigationView.swift */; };
/* End PBXBuildFile section */

/* Begin PBXFileReference section */
		1858B9692B51DD8300B9DE09 /* Promova-TestTask.app */ = {isa = PBXFileReference; explicitFileType = wrapper.application; includeInIndex = 0; path = "Promova-TestTask.app"; sourceTree = BUILT_PRODUCTS_DIR; };
		1858B96C2B51DD8300B9DE09 /* MainView.swift */ = {isa = PBXFileReference; lastKnownFileType = sourcecode.swift; path = MainView.swift; sourceTree = "<group>"; };
		1858B96E2B51DD8300B9DE09 /* DashboardView.swift */ = {isa = PBXFileReference; lastKnownFileType = sourcecode.swift; path = DashboardView.swift; sourceTree = "<group>"; };
		1858B9702B51DD8400B9DE09 /* Assets.xcassets */ = {isa = PBXFileReference; lastKnownFileType = folder.assetcatalog; path = Assets.xcassets; sourceTree = "<group>"; };
		1858B9722B51DD8400B9DE09 /* Promova_TestTask.entitlements */ = {isa = PBXFileReference; lastKnownFileType = text.plist.entitlements; path = Promova_TestTask.entitlements; sourceTree = "<group>"; };
		1858B9742B51DD8400B9DE09 /* Preview Assets.xcassets */ = {isa = PBXFileReference; lastKnownFileType = folder.assetcatalog; path = "Preview Assets.xcassets"; sourceTree = "<group>"; };
		1858B9842B51E18500B9DE09 /* DashboardViewModel.swift */ = {isa = PBXFileReference; lastKnownFileType = sourcecode.swift; path = DashboardViewModel.swift; sourceTree = "<group>"; };
		1858B9912B51E4D600B9DE09 /* Config+URLs.swift */ = {isa = PBXFileReference; lastKnownFileType = sourcecode.swift; path = "Config+URLs.swift"; sourceTree = "<group>"; };
		1858B9932B51E52400B9DE09 /* Config.swift */ = {isa = PBXFileReference; lastKnownFileType = sourcecode.swift; path = Config.swift; sourceTree = "<group>"; };
		1858B9972B51E89D00B9DE09 /* Categories.swift */ = {isa = PBXFileReference; lastKnownFileType = sourcecode.swift; path = Categories.swift; sourceTree = "<group>"; };
		1858B9A22B51EC7300B9DE09 /* NetworkManager.swift */ = {isa = PBXFileReference; lastKnownFileType = sourcecode.swift; path = NetworkManager.swift; sourceTree = "<group>"; };
		1858B9A52B51F78600B9DE09 /* Theme+Dimensions.swift */ = {isa = PBXFileReference; lastKnownFileType = sourcecode.swift; path = "Theme+Dimensions.swift"; sourceTree = "<group>"; };
		1858B9A72B51F7A100B9DE09 /* Theme+Colors.swift */ = {isa = PBXFileReference; lastKnownFileType = sourcecode.swift; path = "Theme+Colors.swift"; sourceTree = "<group>"; };
		1858B9A92B51F7C100B9DE09 /* Theme+Fonts.swift */ = {isa = PBXFileReference; lastKnownFileType = sourcecode.swift; path = "Theme+Fonts.swift"; sourceTree = "<group>"; };
		1858B9AB2B51F7E900B9DE09 /* Theme+Constants.swift */ = {isa = PBXFileReference; lastKnownFileType = sourcecode.swift; path = "Theme+Constants.swift"; sourceTree = "<group>"; };
		1858B9AF2B51FC7E00B9DE09 /* CategoryCardView.swift */ = {isa = PBXFileReference; lastKnownFileType = sourcecode.swift; path = CategoryCardView.swift; sourceTree = "<group>"; };
		1858B9B12B51FF1C00B9DE09 /* CategoryStatusType.swift */ = {isa = PBXFileReference; lastKnownFileType = sourcecode.swift; path = CategoryStatusType.swift; sourceTree = "<group>"; };
		1858B9B42B52CBD500B9DE09 /* HostingView.swift */ = {isa = PBXFileReference; lastKnownFileType = sourcecode.swift; path = HostingView.swift; sourceTree = "<group>"; };
		1858B9B82B52CC2E00B9DE09 /* RouterView.swift */ = {isa = PBXFileReference; lastKnownFileType = sourcecode.swift; path = RouterView.swift; sourceTree = "<group>"; };
		1858B9BB2B52CC7B00B9DE09 /* Router.swift */ = {isa = PBXFileReference; lastKnownFileType = sourcecode.swift; path = Router.swift; sourceTree = "<group>"; };
		1858B9BF2B52CCCF00B9DE09 /* AppRoute.swift */ = {isa = PBXFileReference; lastKnownFileType = sourcecode.swift; path = AppRoute.swift; sourceTree = "<group>"; };
		1858B9C32B52CDBD00B9DE09 /* CategoryDetailsView.swift */ = {isa = PBXFileReference; lastKnownFileType = sourcecode.swift; path = CategoryDetailsView.swift; sourceTree = "<group>"; };
		1858B9C62B52D1E700B9DE09 /* NavigationView.swift */ = {isa = PBXFileReference; lastKnownFileType = sourcecode.swift; path = NavigationView.swift; sourceTree = "<group>"; };
/* End PBXFileReference section */

/* Begin PBXFrameworksBuildPhase section */
		1858B9662B51DD8300B9DE09 /* Frameworks */ = {
			isa = PBXFrameworksBuildPhase;
			buildActionMask = 2147483647;
			files = (
			);
			runOnlyForDeploymentPostprocessing = 0;
		};
/* End PBXFrameworksBuildPhase section */

/* Begin PBXGroup section */
		1858B9602B51DD8300B9DE09 = {
			isa = PBXGroup;
			children = (
				1858B96A2B51DD8300B9DE09 /* Products */,
				1858B96B2B51DD8300B9DE09 /* Promova-TestTask */,
			);
			sourceTree = "<group>";
		};
		1858B96A2B51DD8300B9DE09 /* Products */ = {
			isa = PBXGroup;
			children = (
				1858B9692B51DD8300B9DE09 /* Promova-TestTask.app */,
			);
			name = Products;
			sourceTree = "<group>";
		};
		1858B96B2B51DD8300B9DE09 /* Promova-TestTask */ = {
			isa = PBXGroup;
			children = (
				1858B97B2B51DD8D00B9DE09 /* Application */,
				1858B97E2B51DDF000B9DE09 /* Features */,
				1858B9862B51E20C00B9DE09 /* Networking */,
				1858B9732B51DD8400B9DE09 /* Preview Content */,
				1858B9AD2B51FC5B00B9DE09 /* UI Components */,
			);
			path = "Promova-TestTask";
			sourceTree = "<group>";
		};
		1858B9732B51DD8400B9DE09 /* Preview Content */ = {
			isa = PBXGroup;
			children = (
				1858B9742B51DD8400B9DE09 /* Preview Assets.xcassets */,
			);
			path = "Preview Content";
			sourceTree = "<group>";
		};
		1858B97B2B51DD8D00B9DE09 /* Application */ = {
			isa = PBXGroup;
			children = (
				1858B9A42B51F76D00B9DE09 /* Theme */,
				1858B97D2B51DDCB00B9DE09 /* Config */,
				1858B97C2B51DDA000B9DE09 /* Assets */,
			);
			path = Application;
			sourceTree = "<group>";
		};
		1858B97C2B51DDA000B9DE09 /* Assets */ = {
			isa = PBXGroup;
			children = (
				1858B9702B51DD8400B9DE09 /* Assets.xcassets */,
			);
			path = Assets;
			sourceTree = "<group>";
		};
		1858B97D2B51DDCB00B9DE09 /* Config */ = {
			isa = PBXGroup;
			children = (
				1858B9902B51E4B800B9DE09 /* Config+Extensions */,
				1858B9722B51DD8400B9DE09 /* Promova_TestTask.entitlements */,
			);
			path = Config;
			sourceTree = "<group>";
		};
		1858B97E2B51DDF000B9DE09 /* Features */ = {
			isa = PBXGroup;
			children = (
				1858B9C12B52CD9E00B9DE09 /* Category Details View */,
				1858B9B62B52CC0A00B9DE09 /* Router */,
				1858B9B32B52CBCB00B9DE09 /* HostingView */,
				1858B9802B51DE6100B9DE09 /* Dashboard */,
				1858B97F2B51DE4E00B9DE09 /* MainView */,
			);
			path = Features;
			sourceTree = "<group>";
		};
		1858B97F2B51DE4E00B9DE09 /* MainView */ = {
			isa = PBXGroup;
			children = (
				1858B96C2B51DD8300B9DE09 /* MainView.swift */,
			);
			path = MainView;
			sourceTree = "<group>";
		};
		1858B9802B51DE6100B9DE09 /* Dashboard */ = {
			isa = PBXGroup;
			children = (
				1858B9822B51E16D00B9DE09 /* Model */,
				1858B9812B51E15200B9DE09 /* ViewModel */,
				1858B9832B51E17200B9DE09 /* View */,
			);
			path = Dashboard;
			sourceTree = "<group>";
		};
		1858B9812B51E15200B9DE09 /* ViewModel */ = {
			isa = PBXGroup;
			children = (
				1858B9842B51E18500B9DE09 /* DashboardViewModel.swift */,
			);
			path = ViewModel;
			sourceTree = "<group>";
		};
		1858B9822B51E16D00B9DE09 /* Model */ = {
			isa = PBXGroup;
			children = (
				1858B9972B51E89D00B9DE09 /* Categories.swift */,
				1858B9B12B51FF1C00B9DE09 /* CategoryStatusType.swift */,
			);
			path = Model;
			sourceTree = "<group>";
		};
		1858B9832B51E17200B9DE09 /* View */ = {
			isa = PBXGroup;
			children = (
				1858B96E2B51DD8300B9DE09 /* DashboardView.swift */,
			);
			path = View;
			sourceTree = "<group>";
		};
		1858B9862B51E20C00B9DE09 /* Networking */ = {
			isa = PBXGroup;
			children = (
				1858B9A22B51EC7300B9DE09 /* NetworkManager.swift */,
			);
			path = Networking;
			sourceTree = "<group>";
		};
		1858B9902B51E4B800B9DE09 /* Config+Extensions */ = {
			isa = PBXGroup;
			children = (
				1858B9932B51E52400B9DE09 /* Config.swift */,
				1858B9912B51E4D600B9DE09 /* Config+URLs.swift */,
			);
			path = "Config+Extensions";
			sourceTree = "<group>";
		};
		1858B9A42B51F76D00B9DE09 /* Theme */ = {
			isa = PBXGroup;
			children = (
				1858B9A52B51F78600B9DE09 /* Theme+Dimensions.swift */,
				1858B9A72B51F7A100B9DE09 /* Theme+Colors.swift */,
				1858B9A92B51F7C100B9DE09 /* Theme+Fonts.swift */,
				1858B9AB2B51F7E900B9DE09 /* Theme+Constants.swift */,
			);
			path = Theme;
			sourceTree = "<group>";
		};
		1858B9AD2B51FC5B00B9DE09 /* UI Components */ = {
			isa = PBXGroup;
			children = (
				1858B9C52B52D1D000B9DE09 /* Navigation View */,
				1858B9AE2B51FC6D00B9DE09 /* Category View */,
			);
			path = "UI Components";
			sourceTree = "<group>";
		};
		1858B9AE2B51FC6D00B9DE09 /* Category View */ = {
			isa = PBXGroup;
			children = (
				1858B9AF2B51FC7E00B9DE09 /* CategoryCardView.swift */,
			);
			path = "Category View";
			sourceTree = "<group>";
		};
		1858B9B32B52CBCB00B9DE09 /* HostingView */ = {
			isa = PBXGroup;
			children = (
				1858B9B42B52CBD500B9DE09 /* HostingView.swift */,
			);
			path = HostingView;
			sourceTree = "<group>";
		};
		1858B9B62B52CC0A00B9DE09 /* Router */ = {
			isa = PBXGroup;
			children = (
				1858B9BE2B52CCBF00B9DE09 /* View */,
				1858B9BD2B52CCB800B9DE09 /* Model */,
				1858B9BA2B52CC6500B9DE09 /* Router Navigation */,
			);
			path = Router;
			sourceTree = "<group>";
		};
		1858B9BA2B52CC6500B9DE09 /* Router Navigation */ = {
			isa = PBXGroup;
			children = (
				1858B9BB2B52CC7B00B9DE09 /* Router.swift */,
			);
			path = "Router Navigation";
			sourceTree = "<group>";
		};
		1858B9BD2B52CCB800B9DE09 /* Model */ = {
			isa = PBXGroup;
			children = (
				1858B9BF2B52CCCF00B9DE09 /* AppRoute.swift */,
			);
			path = Model;
			sourceTree = "<group>";
		};
		1858B9BE2B52CCBF00B9DE09 /* View */ = {
			isa = PBXGroup;
			children = (
				1858B9B82B52CC2E00B9DE09 /* RouterView.swift */,
			);
			path = View;
			sourceTree = "<group>";
		};
		1858B9C12B52CD9E00B9DE09 /* Category Details View */ = {
			isa = PBXGroup;
			children = (
				1858B9C22B52CDB000B9DE09 /* View */,
			);
			path = "Category Details View";
			sourceTree = "<group>";
		};
		1858B9C22B52CDB000B9DE09 /* View */ = {
			isa = PBXGroup;
			children = (
				1858B9C32B52CDBD00B9DE09 /* CategoryDetailsView.swift */,
			);
			path = View;
			sourceTree = "<group>";
		};
		1858B9C52B52D1D000B9DE09 /* Navigation View */ = {
			isa = PBXGroup;
			children = (
				1858B9C62B52D1E700B9DE09 /* NavigationView.swift */,
			);
			path = "Navigation View";
			sourceTree = "<group>";
		};
/* End PBXGroup section */

/* Begin PBXNativeTarget section */
		1858B9682B51DD8300B9DE09 /* Promova-TestTask */ = {
			isa = PBXNativeTarget;
			buildConfigurationList = 1858B9782B51DD8400B9DE09 /* Build configuration list for PBXNativeTarget "Promova-TestTask" */;
			buildPhases = (
				1858B9652B51DD8300B9DE09 /* Sources */,
				1858B9662B51DD8300B9DE09 /* Frameworks */,
				1858B9672B51DD8300B9DE09 /* Resources */,
			);
			buildRules = (
			);
			dependencies = (
			);
			name = "Promova-TestTask";
			productName = "Promova-TestTask";
			productReference = 1858B9692B51DD8300B9DE09 /* Promova-TestTask.app */;
			productType = "com.apple.product-type.application";
		};
/* End PBXNativeTarget section */

/* Begin PBXProject section */
		1858B9612B51DD8300B9DE09 /* Project object */ = {
			isa = PBXProject;
			attributes = {
				BuildIndependentTargetsInParallel = 1;
				LastSwiftUpdateCheck = 1500;
				LastUpgradeCheck = 1500;
				TargetAttributes = {
					1858B9682B51DD8300B9DE09 = {
						CreatedOnToolsVersion = 15.0;
					};
				};
			};
			buildConfigurationList = 1858B9642B51DD8300B9DE09 /* Build configuration list for PBXProject "Promova-TestTask" */;
			compatibilityVersion = "Xcode 14.0";
			developmentRegion = en;
			hasScannedForEncodings = 0;
			knownRegions = (
				en,
				Base,
			);
			mainGroup = 1858B9602B51DD8300B9DE09;
			productRefGroup = 1858B96A2B51DD8300B9DE09 /* Products */;
			projectDirPath = "";
			projectRoot = "";
			targets = (
				1858B9682B51DD8300B9DE09 /* Promova-TestTask */,
			);
		};
/* End PBXProject section */

/* Begin PBXResourcesBuildPhase section */
		1858B9672B51DD8300B9DE09 /* Resources */ = {
			isa = PBXResourcesBuildPhase;
			buildActionMask = 2147483647;
			files = (
				1858B9752B51DD8400B9DE09 /* Preview Assets.xcassets in Resources */,
				1858B9712B51DD8400B9DE09 /* Assets.xcassets in Resources */,
			);
			runOnlyForDeploymentPostprocessing = 0;
		};
/* End PBXResourcesBuildPhase section */

/* Begin PBXSourcesBuildPhase section */
		1858B9652B51DD8300B9DE09 /* Sources */ = {
			isa = PBXSourcesBuildPhase;
			buildActionMask = 2147483647;
			files = (
				1858B9C72B52D1E700B9DE09 /* NavigationView.swift in Sources */,
				1858B9A62B51F78600B9DE09 /* Theme+Dimensions.swift in Sources */,
				1858B9852B51E18500B9DE09 /* DashboardViewModel.swift in Sources */,
				1858B9B02B51FC7F00B9DE09 /* CategoryCardView.swift in Sources */,
				1858B9A82B51F7A100B9DE09 /* Theme+Colors.swift in Sources */,
				1858B96F2B51DD8300B9DE09 /* DashboardView.swift in Sources */,
				1858B9C42B52CDBD00B9DE09 /* CategoryDetailsView.swift in Sources */,
				1858B9B52B52CBD500B9DE09 /* HostingView.swift in Sources */,
				1858B9C02B52CCCF00B9DE09 /* AppRoute.swift in Sources */,
				1858B9AA2B51F7C100B9DE09 /* Theme+Fonts.swift in Sources */,
				1858B9AC2B51F7E900B9DE09 /* Theme+Constants.swift in Sources */,
				1858B9BC2B52CC7B00B9DE09 /* Router.swift in Sources */,
				1858B9942B51E52400B9DE09 /* Config.swift in Sources */,
				1858B9B92B52CC2E00B9DE09 /* RouterView.swift in Sources */,
				1858B9A32B51EC7300B9DE09 /* NetworkManager.swift in Sources */,
				1858B9B22B51FF1C00B9DE09 /* CategoryStatusType.swift in Sources */,
				1858B9982B51E89D00B9DE09 /* Categories.swift in Sources */,
				1858B9922B51E4D600B9DE09 /* Config+URLs.swift in Sources */,
				1858B96D2B51DD8300B9DE09 /* MainView.swift in Sources */,
			);
			runOnlyForDeploymentPostprocessing = 0;
		};
/* End PBXSourcesBuildPhase section */

/* Begin XCBuildConfiguration section */
		1858B9762B51DD8400B9DE09 /* Debug */ = {
			isa = XCBuildConfiguration;
			buildSettings = {
				ALWAYS_SEARCH_USER_PATHS = NO;
				ASSETCATALOG_COMPILER_GENERATE_SWIFT_ASSET_SYMBOL_EXTENSIONS = YES;
				CLANG_ANALYZER_NONNULL = YES;
				CLANG_ANALYZER_NUMBER_OBJECT_CONVERSION = YES_AGGRESSIVE;
				CLANG_CXX_LANGUAGE_STANDARD = "gnu++20";
				CLANG_ENABLE_MODULES = YES;
				CLANG_ENABLE_OBJC_ARC = YES;
				CLANG_ENABLE_OBJC_WEAK = YES;
				CLANG_WARN_BLOCK_CAPTURE_AUTORELEASING = YES;
				CLANG_WARN_BOOL_CONVERSION = YES;
				CLANG_WARN_COMMA = YES;
				CLANG_WARN_CONSTANT_CONVERSION = YES;
				CLANG_WARN_DEPRECATED_OBJC_IMPLEMENTATIONS = YES;
				CLANG_WARN_DIRECT_OBJC_ISA_USAGE = YES_ERROR;
				CLANG_WARN_DOCUMENTATION_COMMENTS = YES;
				CLANG_WARN_EMPTY_BODY = YES;
				CLANG_WARN_ENUM_CONVERSION = YES;
				CLANG_WARN_INFINITE_RECURSION = YES;
				CLANG_WARN_INT_CONVERSION = YES;
				CLANG_WARN_NON_LITERAL_NULL_CONVERSION = YES;
				CLANG_WARN_OBJC_IMPLICIT_RETAIN_SELF = YES;
				CLANG_WARN_OBJC_LITERAL_CONVERSION = YES;
				CLANG_WARN_OBJC_ROOT_CLASS = YES_ERROR;
				CLANG_WARN_QUOTED_INCLUDE_IN_FRAMEWORK_HEADER = YES;
				CLANG_WARN_RANGE_LOOP_ANALYSIS = YES;
				CLANG_WARN_STRICT_PROTOTYPES = YES;
				CLANG_WARN_SUSPICIOUS_MOVE = YES;
				CLANG_WARN_UNGUARDED_AVAILABILITY = YES_AGGRESSIVE;
				CLANG_WARN_UNREACHABLE_CODE = YES;
				CLANG_WARN__DUPLICATE_METHOD_MATCH = YES;
				COPY_PHASE_STRIP = NO;
				DEBUG_INFORMATION_FORMAT = dwarf;
				ENABLE_STRICT_OBJC_MSGSEND = YES;
				ENABLE_TESTABILITY = YES;
				ENABLE_USER_SCRIPT_SANDBOXING = YES;
				GCC_C_LANGUAGE_STANDARD = gnu17;
				GCC_DYNAMIC_NO_PIC = NO;
				GCC_NO_COMMON_BLOCKS = YES;
				GCC_OPTIMIZATION_LEVEL = 0;
				GCC_PREPROCESSOR_DEFINITIONS = (
					"DEBUG=1",
					"$(inherited)",
				);
				GCC_WARN_64_TO_32_BIT_CONVERSION = YES;
				GCC_WARN_ABOUT_RETURN_TYPE = YES_ERROR;
				GCC_WARN_UNDECLARED_SELECTOR = YES;
				GCC_WARN_UNINITIALIZED_AUTOS = YES_AGGRESSIVE;
				GCC_WARN_UNUSED_FUNCTION = YES;
				GCC_WARN_UNUSED_VARIABLE = YES;
				LOCALIZATION_PREFERS_STRING_CATALOGS = YES;
				MTL_ENABLE_DEBUG_INFO = INCLUDE_SOURCE;
				MTL_FAST_MATH = YES;
				ONLY_ACTIVE_ARCH = YES;
				SWIFT_ACTIVE_COMPILATION_CONDITIONS = "DEBUG $(inherited)";
				SWIFT_OPTIMIZATION_LEVEL = "-Onone";
			};
			name = Debug;
		};
		1858B9772B51DD8400B9DE09 /* Release */ = {
			isa = XCBuildConfiguration;
			buildSettings = {
				ALWAYS_SEARCH_USER_PATHS = NO;
				ASSETCATALOG_COMPILER_GENERATE_SWIFT_ASSET_SYMBOL_EXTENSIONS = YES;
				CLANG_ANALYZER_NONNULL = YES;
				CLANG_ANALYZER_NUMBER_OBJECT_CONVERSION = YES_AGGRESSIVE;
				CLANG_CXX_LANGUAGE_STANDARD = "gnu++20";
				CLANG_ENABLE_MODULES = YES;
				CLANG_ENABLE_OBJC_ARC = YES;
				CLANG_ENABLE_OBJC_WEAK = YES;
				CLANG_WARN_BLOCK_CAPTURE_AUTORELEASING = YES;
				CLANG_WARN_BOOL_CONVERSION = YES;
				CLANG_WARN_COMMA = YES;
				CLANG_WARN_CONSTANT_CONVERSION = YES;
				CLANG_WARN_DEPRECATED_OBJC_IMPLEMENTATIONS = YES;
				CLANG_WARN_DIRECT_OBJC_ISA_USAGE = YES_ERROR;
				CLANG_WARN_DOCUMENTATION_COMMENTS = YES;
				CLANG_WARN_EMPTY_BODY = YES;
				CLANG_WARN_ENUM_CONVERSION = YES;
				CLANG_WARN_INFINITE_RECURSION = YES;
				CLANG_WARN_INT_CONVERSION = YES;
				CLANG_WARN_NON_LITERAL_NULL_CONVERSION = YES;
				CLANG_WARN_OBJC_IMPLICIT_RETAIN_SELF = YES;
				CLANG_WARN_OBJC_LITERAL_CONVERSION = YES;
				CLANG_WARN_OBJC_ROOT_CLASS = YES_ERROR;
				CLANG_WARN_QUOTED_INCLUDE_IN_FRAMEWORK_HEADER = YES;
				CLANG_WARN_RANGE_LOOP_ANALYSIS = YES;
				CLANG_WARN_STRICT_PROTOTYPES = YES;
				CLANG_WARN_SUSPICIOUS_MOVE = YES;
				CLANG_WARN_UNGUARDED_AVAILABILITY = YES_AGGRESSIVE;
				CLANG_WARN_UNREACHABLE_CODE = YES;
				CLANG_WARN__DUPLICATE_METHOD_MATCH = YES;
				COPY_PHASE_STRIP = NO;
				DEBUG_INFORMATION_FORMAT = "dwarf-with-dsym";
				ENABLE_NS_ASSERTIONS = NO;
				ENABLE_STRICT_OBJC_MSGSEND = YES;
				ENABLE_USER_SCRIPT_SANDBOXING = YES;
				GCC_C_LANGUAGE_STANDARD = gnu17;
				GCC_NO_COMMON_BLOCKS = YES;
				GCC_WARN_64_TO_32_BIT_CONVERSION = YES;
				GCC_WARN_ABOUT_RETURN_TYPE = YES_ERROR;
				GCC_WARN_UNDECLARED_SELECTOR = YES;
				GCC_WARN_UNINITIALIZED_AUTOS = YES_AGGRESSIVE;
				GCC_WARN_UNUSED_FUNCTION = YES;
				GCC_WARN_UNUSED_VARIABLE = YES;
				LOCALIZATION_PREFERS_STRING_CATALOGS = YES;
				MTL_ENABLE_DEBUG_INFO = NO;
				MTL_FAST_MATH = YES;
				SWIFT_COMPILATION_MODE = wholemodule;
			};
			name = Release;
		};
		1858B9792B51DD8400B9DE09 /* Debug */ = {
			isa = XCBuildConfiguration;
			buildSettings = {
				ASSETCATALOG_COMPILER_APPICON_NAME = AppIcon;
				ASSETCATALOG_COMPILER_GLOBAL_ACCENT_COLOR_NAME = AccentColor;
				CODE_SIGN_ENTITLEMENTS = "Promova-TestTask/Application/Config/Promova_TestTask.entitlements";
				CODE_SIGN_STYLE = Automatic;
				CURRENT_PROJECT_VERSION = 1;
				DEVELOPMENT_ASSET_PATHS = "\"Promova-TestTask/Preview Content\"";
				DEVELOPMENT_TEAM = U42Y6Q59FU;
				ENABLE_HARDENED_RUNTIME = YES;
				ENABLE_PREVIEWS = YES;
				GENERATE_INFOPLIST_FILE = YES;
				"INFOPLIST_KEY_UIApplicationSceneManifest_Generation[sdk=iphoneos*]" = YES;
				"INFOPLIST_KEY_UIApplicationSceneManifest_Generation[sdk=iphonesimulator*]" = YES;
				"INFOPLIST_KEY_UIApplicationSupportsIndirectInputEvents[sdk=iphoneos*]" = YES;
				"INFOPLIST_KEY_UIApplicationSupportsIndirectInputEvents[sdk=iphonesimulator*]" = YES;
				"INFOPLIST_KEY_UILaunchScreen_Generation[sdk=iphoneos*]" = YES;
				"INFOPLIST_KEY_UILaunchScreen_Generation[sdk=iphonesimulator*]" = YES;
				"INFOPLIST_KEY_UIStatusBarStyle[sdk=iphoneos*]" = UIStatusBarStyleDefault;
				"INFOPLIST_KEY_UIStatusBarStyle[sdk=iphonesimulator*]" = UIStatusBarStyleDefault;
				INFOPLIST_KEY_UISupportedInterfaceOrientations_iPad = "UIInterfaceOrientationPortrait UIInterfaceOrientationPortraitUpsideDown UIInterfaceOrientationLandscapeLeft UIInterfaceOrientationLandscapeRight";
				INFOPLIST_KEY_UISupportedInterfaceOrientations_iPhone = "UIInterfaceOrientationPortrait UIInterfaceOrientationLandscapeLeft UIInterfaceOrientationLandscapeRight";
				IPHONEOS_DEPLOYMENT_TARGET = 16.0;
				LD_RUNPATH_SEARCH_PATHS = "@executable_path/Frameworks";
				"LD_RUNPATH_SEARCH_PATHS[sdk=macosx*]" = "@executable_path/../Frameworks";
				MACOSX_DEPLOYMENT_TARGET = 14.0;
				MARKETING_VERSION = 1.0;
				PRODUCT_BUNDLE_IDENTIFIER = "VM.Promova-TestTask";
				PRODUCT_NAME = "$(TARGET_NAME)";
				SDKROOT = auto;
				SUPPORTED_PLATFORMS = "iphoneos iphonesimulator";
				SUPPORTS_MACCATALYST = NO;
				SWIFT_EMIT_LOC_STRINGS = YES;
				SWIFT_VERSION = 5.0;
				TARGETED_DEVICE_FAMILY = "1,2";
			};
			name = Debug;
		};
		1858B97A2B51DD8400B9DE09 /* Release */ = {
			isa = XCBuildConfiguration;
			buildSettings = {
				ASSETCATALOG_COMPILER_APPICON_NAME = AppIcon;
				ASSETCATALOG_COMPILER_GLOBAL_ACCENT_COLOR_NAME = AccentColor;
				CODE_SIGN_ENTITLEMENTS = "Promova-TestTask/Application/Config/Promova_TestTask.entitlements";
				CODE_SIGN_STYLE = Automatic;
				CURRENT_PROJECT_VERSION = 1;
				DEVELOPMENT_ASSET_PATHS = "\"Promova-TestTask/Preview Content\"";
				DEVELOPMENT_TEAM = U42Y6Q59FU;
				ENABLE_HARDENED_RUNTIME = YES;
				ENABLE_PREVIEWS = YES;
				GENERATE_INFOPLIST_FILE = YES;
				"INFOPLIST_KEY_UIApplicationSceneManifest_Generation[sdk=iphoneos*]" = YES;
				"INFOPLIST_KEY_UIApplicationSceneManifest_Generation[sdk=iphonesimulator*]" = YES;
				"INFOPLIST_KEY_UIApplicationSupportsIndirectInputEvents[sdk=iphoneos*]" = YES;
				"INFOPLIST_KEY_UIApplicationSupportsIndirectInputEvents[sdk=iphonesimulator*]" = YES;
				"INFOPLIST_KEY_UILaunchScreen_Generation[sdk=iphoneos*]" = YES;
				"INFOPLIST_KEY_UILaunchScreen_Generation[sdk=iphonesimulator*]" = YES;
				"INFOPLIST_KEY_UIStatusBarStyle[sdk=iphoneos*]" = UIStatusBarStyleDefault;
				"INFOPLIST_KEY_UIStatusBarStyle[sdk=iphonesimulator*]" = UIStatusBarStyleDefault;
				INFOPLIST_KEY_UISupportedInterfaceOrientations_iPad = "UIInterfaceOrientationPortrait UIInterfaceOrientationPortraitUpsideDown UIInterfaceOrientationLandscapeLeft UIInterfaceOrientationLandscapeRight";
				INFOPLIST_KEY_UISupportedInterfaceOrientations_iPhone = "UIInterfaceOrientationPortrait UIInterfaceOrientationLandscapeLeft UIInterfaceOrientationLandscapeRight";
				IPHONEOS_DEPLOYMENT_TARGET = 16.0;
				LD_RUNPATH_SEARCH_PATHS = "@executable_path/Frameworks";
				"LD_RUNPATH_SEARCH_PATHS[sdk=macosx*]" = "@executable_path/../Frameworks";
				MACOSX_DEPLOYMENT_TARGET = 14.0;
				MARKETING_VERSION = 1.0;
				PRODUCT_BUNDLE_IDENTIFIER = "VM.Promova-TestTask";
				PRODUCT_NAME = "$(TARGET_NAME)";
				SDKROOT = auto;
				SUPPORTED_PLATFORMS = "iphoneos iphonesimulator";
				SUPPORTS_MACCATALYST = NO;
				SWIFT_EMIT_LOC_STRINGS = YES;
				SWIFT_VERSION = 5.0;
				TARGETED_DEVICE_FAMILY = "1,2";
			};
			name = Release;
		};
/* End XCBuildConfiguration section */

/* Begin XCConfigurationList section */
		1858B9642B51DD8300B9DE09 /* Build configuration list for PBXProject "Promova-TestTask" */ = {
			isa = XCConfigurationList;
			buildConfigurations = (
				1858B9762B51DD8400B9DE09 /* Debug */,
				1858B9772B51DD8400B9DE09 /* Release */,
			);
			defaultConfigurationIsVisible = 0;
			defaultConfigurationName = Release;
		};
		1858B9782B51DD8400B9DE09 /* Build configuration list for PBXNativeTarget "Promova-TestTask" */ = {
			isa = XCConfigurationList;
			buildConfigurations = (
				1858B9792B51DD8400B9DE09 /* Debug */,
				1858B97A2B51DD8400B9DE09 /* Release */,
			);
			defaultConfigurationIsVisible = 0;
			defaultConfigurationName = Release;
		};
/* End XCConfigurationList section */
	};
	rootObject = 1858B9612B51DD8300B9DE09 /* Project object */;
}
